
Microsoft Visual Studio Solution File, Format Version 12.00
# Visual Studio Version 17
VisualStudioVersion = 17.11.35312.102
MinimumVisualStudioVersion = 10.0.40219.1
Project("{FAE04EC0-301F-11D3-BF4B-00C04F79EFBC}") = "MovieAPI", "MovieAPI\MovieAPI.csproj", "{1AD99B6E-C9C2-479A-A158-AFA0FA575B8D}"
EndProject
Global
	GlobalSection(SolutionConfigurationPlatforms) = preSolution
		Debug|Any CPU = Debug|Any CPU
		Release|Any CPU = Release|Any CPU
	EndGlobalSection
	GlobalSection(ProjectConfigurationPlatforms) = postSolution
		{1AD99B6E-C9C2-479A-A158-AFA0FA575B8D}.Debug|Any CPU.ActiveCfg = Debug|Any CPU
		{1AD99B6E-C9C2-479A-A158-AFA0FA575B8D}.Debug|Any CPU.Build.0 = Debug|Any CPU
		{1AD99B6E-C9C2-479A-A158-AFA0FA575B8D}.Release|Any CPU.ActiveCfg = Release|Any CPU
		{1AD99B6E-C9C2-479A-A158-AFA0FA575B8D}.Release|Any CPU.Build.0 = Release|Any CPU
	EndGlobalSection
	GlobalSection(SolutionProperties) = preSolution
		HideSolutionNode = FALSE
	EndGlobalSection
	GlobalSection(ExtensibilityGlobals) = postSolution
		SolutionGuid = {C32A5FEB-B567-41CF-97CA-5D8F537638E1}
	EndGlobalSection
EndGlobal
